
Microsoft Visual Studio Solution File, Format Version 12.00
# Visual Studio Version 16
VisualStudioVersion = 16.0.29123.89
MinimumVisualStudioVersion = 10.0.40219.1
Project("{FAE04EC0-301F-11D3-BF4B-00C04F79EFBC}") = "ShimoExport", "ShimoExport.csproj", "{C7D80338-EF6C-4E9C-80A5-786221CDF023}"
EndProject
Global
	GlobalSection(SolutionConfigurationPlatforms) = preSolution
		Debug|Any CPU = Debug|Any CPU
		Release|Any CPU = Release|Any CPU
	EndGlobalSection
	GlobalSection(ProjectConfigurationPlatforms) = postSolution
		{C7D80338-EF6C-4E9C-80A5-786221CDF023}.Debug|Any CPU.ActiveCfg = Debug|Any CPU
		{C7D80338-EF6C-4E9C-80A5-786221CDF023}.Debug|Any CPU.Build.0 = Debug|Any CPU
		{C7D80338-EF6C-4E9C-80A5-786221CDF023}.Release|Any CPU.ActiveCfg = Release|Any CPU
		{C7D80338-EF6C-4E9C-80A5-786221CDF023}.Release|Any CPU.Build.0 = Release|Any CPU
	EndGlobalSection
	GlobalSection(SolutionProperties) = preSolution
		HideSolutionNode = FALSE
	EndGlobalSection
	GlobalSection(ExtensibilityGlobals) = postSolution
		SolutionGuid = {9D31E062-5382-4C2F-A11D-4C2E5C372166}
	EndGlobalSection
EndGlobal
